PODS:
  - Flutter (1.0.0)
  - yandex_maps_mapkit (1.0.0):
    - Flutter

DEPENDENCIES:
  - Flutter (from `Flutter`)
  - yandex_maps_mapkit (from `.symlinks/plugins/yandex_maps_mapkit/ios`)

EXTERNAL SOURCES:
  Flutter:
    :path: Flutter
  yandex_maps_mapkit:
    :path: ".symlinks/plugins/yandex_maps_mapkit/ios"

SPEC CHECKSUMS:
  Flutter: cabc95a1d2626b1b06e7179b784ebcf0c0cde467
  yandex_maps_mapkit: 02f0eee6ef821bfd20bb01216568b35469bb5ed3

PODFILE CHECKSUM: 3c63482e143d1b91d2d2560aee9fb04ecc74ac7e

COCOAPODS: 1.16.2
